
Microsoft Visual Studio Solution File, Format Version 12.00
Project("{FAE04EC0-301F-11D3-BF4B-00C04F79EFBC}") = "EventManagerBackend", "EventManagerBackend\EventManagerBackend.csproj", "{FD9DE827-D270-4A5F-9801-F51F4DF84D8E}"
EndProject
Global
	GlobalSection(SolutionConfigurationPlatforms) = preSolution
		Debug|Any CPU = Debug|Any CPU
		Release|Any CPU = Release|Any CPU
	EndGlobalSection
	GlobalSection(ProjectConfigurationPlatforms) = postSolution
		{FD9DE827-D270-4A5F-9801-F51F4DF84D8E}.Debug|Any CPU.ActiveCfg = Debug|Any CPU
		{FD9DE827-D270-4A5F-9801-F51F4DF84D8E}.Debug|Any CPU.Build.0 = Debug|Any CPU
		{FD9DE827-D270-4A5F-9801-F51F4DF84D8E}.Release|Any CPU.ActiveCfg = Release|Any CPU
		{FD9DE827-D270-4A5F-9801-F51F4DF84D8E}.Release|Any CPU.Build.0 = Release|Any CPU
	EndGlobalSection
EndGlobal
